
Microsoft Visual Studio Solution File, Format Version 12.00
# Visual Studio 15
VisualStudioVersion = 15.0.26124.0
MinimumVisualStudioVersion = 15.0.26124.0
Project("{FAE04EC0-301F-11D3-BF4B-00C04F79EFBC}") = "refactoring-to-patterns", "refactoring-to-patterns\refactoring-to-patterns.csproj", "{5E933AA3-6F73-4FF6-8876-678A45D84A20}"
EndProject
Project("{FAE04EC0-301F-11D3-BF4B-00C04F79EFBC}") = "tests", "tests\tests.csproj", "{88A2A234-5D35-4BBB-A3A9-BBB51B2EEACF}"
EndProject
Global
	GlobalSection(SolutionConfigurationPlatforms) = preSolution
		Debug|Any CPU = Debug|Any CPU
		Debug|x64 = Debug|x64
		Debug|x86 = Debug|x86
		Release|Any CPU = Release|Any CPU
		Release|x64 = Release|x64
		Release|x86 = Release|x86
	EndGlobalSection
	GlobalSection(SolutionProperties) = preSolution
		HideSolutionNode = FALSE
	EndGlobalSection
	GlobalSection(ProjectConfigurationPlatforms) = postSolution
		{5E933AA3-6F73-4FF6-8876-678A45D84A20}.Debug|Any CPU.ActiveCfg = Debug|Any CPU
		{5E933AA3-6F73-4FF6-8876-678A45D84A20}.Debug|Any CPU.Build.0 = Debug|Any CPU
		{5E933AA3-6F73-4FF6-8876-678A45D84A20}.Debug|x64.ActiveCfg = Debug|Any CPU
		{5E933AA3-6F73-4FF6-8876-678A45D84A20}.Debug|x64.Build.0 = Debug|Any CPU
		{5E933AA3-6F73-4FF6-8876-678A45D84A20}.Debug|x86.ActiveCfg = Debug|Any CPU
		{5E933AA3-6F73-4FF6-8876-678A45D84A20}.Debug|x86.Build.0 = Debug|Any CPU
		{5E933AA3-6F73-4FF6-8876-678A45D84A20}.Release|Any CPU.ActiveCfg = Release|Any CPU
		{5E933AA3-6F73-4FF6-8876-678A45D84A20}.Release|Any CPU.Build.0 = Release|Any CPU
		{5E933AA3-6F73-4FF6-8876-678A45D84A20}.Release|x64.ActiveCfg = Release|Any CPU
		{5E933AA3-6F73-4FF6-8876-678A45D84A20}.Release|x64.Build.0 = Release|Any CPU
		{5E933AA3-6F73-4FF6-8876-678A45D84A20}.Release|x86.ActiveCfg = Release|Any CPU
		{5E933AA3-6F73-4FF6-8876-678A45D84A20}.Release|x86.Build.0 = Release|Any CPU
		{88A2A234-5D35-4BBB-A3A9-BBB51B2EEACF}.Debug|Any CPU.ActiveCfg = Debug|Any CPU
		{88A2A234-5D35-4BBB-A3A9-BBB51B2EEACF}.Debug|Any CPU.Build.0 = Debug|Any CPU
		{88A2A234-5D35-4BBB-A3A9-BBB51B2EEACF}.Debug|x64.ActiveCfg = Debug|Any CPU
		{88A2A234-5D35-4BBB-A3A9-BBB51B2EEACF}.Debug|x64.Build.0 = Debug|Any CPU
		{88A2A234-5D35-4BBB-A3A9-BBB51B2EEACF}.Debug|x86.ActiveCfg = Debug|Any CPU
		{88A2A234-5D35-4BBB-A3A9-BBB51B2EEACF}.Debug|x86.Build.0 = Debug|Any CPU
		{88A2A234-5D35-4BBB-A3A9-BBB51B2EEACF}.Release|Any CPU.ActiveCfg = Release|Any CPU
		{88A2A234-5D35-4BBB-A3A9-BBB51B2EEACF}.Release|Any CPU.Build.0 = Release|Any CPU
		{88A2A234-5D35-4BBB-A3A9-BBB51B2EEACF}.Release|x64.ActiveCfg = Release|Any CPU
		{88A2A234-5D35-4BBB-A3A9-BBB51B2EEACF}.Release|x64.Build.0 = Release|Any CPU
		{88A2A234-5D35-4BBB-A3A9-BBB51B2EEACF}.Release|x86.ActiveCfg = Release|Any CPU
		{88A2A234-5D35-4BBB-A3A9-BBB51B2EEACF}.Release|x86.Build.0 = Release|Any CPU
	EndGlobalSection
EndGlobal
